
Microsoft Visual Studio Solution File, Format Version 12.00
# Visual Studio Version 17
VisualStudioVersion = 17.10.35013.160
MinimumVisualStudioVersion = 10.0.40219.1
Project("{FAE04EC0-301F-11D3-BF4B-00C04F79EFBC}") = "Converting", "Converting\Converting.csproj", "{32ADEDF1-EB60-42B7-B1D2-0755DB882E42}"
EndProject
Global
	GlobalSection(SolutionConfigurationPlatforms) = preSolution
		Debug|Any CPU = Debug|Any CPU
		Release|Any CPU = Release|Any CPU
	EndGlobalSection
	GlobalSection(ProjectConfigurationPlatforms) = postSolution
		{32ADEDF1-EB60-42B7-B1D2-0755DB882E42}.Debug|Any CPU.ActiveCfg = Debug|Any CPU
		{32ADEDF1-EB60-42B7-B1D2-0755DB882E42}.Debug|Any CPU.Build.0 = Debug|Any CPU
		{32ADEDF1-EB60-42B7-B1D2-0755DB882E42}.Release|Any CPU.ActiveCfg = Release|Any CPU
		{32ADEDF1-EB60-42B7-B1D2-0755DB882E42}.Release|Any CPU.Build.0 = Release|Any CPU
	EndGlobalSection
	GlobalSection(SolutionProperties) = preSolution
		HideSolutionNode = FALSE
	EndGlobalSection
	GlobalSection(ExtensibilityGlobals) = postSolution
		SolutionGuid = {A1D8C4BE-1C28-4524-AB20-3E012EDEE6AE}
	EndGlobalSection
EndGlobal
